// !$*UTF8*$!
{
	archiveVersion = 1;
	classes = {
	};
	objectVersion = 50;
	objects = {

/* Begin PBXBuildFile section */
		32EE7F2304E331A7D20D459F /* Pods_Developer_Suite.framework in Frameworks */ = {isa = PBXBuildFile; fileRef = 2D1DCD2A727EADE07C283692 /* Pods_Developer_Suite.framework */; };
		6B08D2F421AAEE76001CFA8C /* DataManager.swift in Sources */ = {isa = PBXBuildFile; fileRef = 6B08D2F321AAEE76001CFA8C /* DataManager.swift */; };
		6B363CD72172C04300BF37C3 /* UserMO.swift in Sources */ = {isa = PBXBuildFile; fileRef = 6B363CD62172C04300BF37C3 /* UserMO.swift */; };
		6B79E92521727DF2009963B7 /* Assets.xcassets in Resources */ = {isa = PBXBuildFile; fileRef = 6B79E92421727DF2009963B7 /* Assets.xcassets */; };
		6B804AD8219722C200C61810 /* UserDefinedErrors.swift in Sources */ = {isa = PBXBuildFile; fileRef = 6B804AD7219722C200C61810 /* UserDefinedErrors.swift */; };
		6B804ADC2197B99E00C61810 /* Config.plist in Resources */ = {isa = PBXBuildFile; fileRef = 6B804ADB2197B99E00C61810 /* Config.plist */; };
		6B804ADE2197C28F00C61810 /* LoginViewControllerExtension.swift in Sources */ = {isa = PBXBuildFile; fileRef = 6B804ADD2197C28F00C61810 /* LoginViewControllerExtension.swift */; };
		6B8086BF216AC5D900D91CC6 /* AppDelegate.swift in Sources */ = {isa = PBXBuildFile; fileRef = 6B8086BE216AC5D900D91CC6 /* AppDelegate.swift */; };
		6B8086C1216AC5D900D91CC6 /* LoginViewController.swift in Sources */ = {isa = PBXBuildFile; fileRef = 6B8086C0216AC5D900D91CC6 /* LoginViewController.swift */; };
		6B8086C4216AC5D900D91CC6 /* Main.storyboard in Resources */ = {isa = PBXBuildFile; fileRef = 6B8086C2216AC5D900D91CC6 /* Main.storyboard */; };
		6B8086C9216AC5DA00D91CC6 /* LaunchScreen.storyboard in Resources */ = {isa = PBXBuildFile; fileRef = 6B8086C7216AC5DA00D91CC6 /* LaunchScreen.storyboard */; };
		6BA7FB2B219344C90053F1C3 /* GoogleService-Info.plist in Resources */ = {isa = PBXBuildFile; fileRef = 6BA7FB2A219344C90053F1C3 /* GoogleService-Info.plist */; };
		6BBA938A21A1C9ED00601399 /* ChatViewController.swift in Sources */ = {isa = PBXBuildFile; fileRef = 6BBA938921A1C9ED00601399 /* ChatViewController.swift */; };
		6BC5C87A21AAE521003F57D3 /* DeveloperSuiteModel.xcdatamodeld in Sources */ = {isa = PBXBuildFile; fileRef = 6BC5C87821AAE521003F57D3 /* DeveloperSuiteModel.xcdatamodeld */; };
		6BE182F02194C4510069D840 /* Utils.swift in Sources */ = {isa = PBXBuildFile; fileRef = 6BE182EF2194C4510069D840 /* Utils.swift */; };
		6BEFC961219897A8001E97B5 /* OAuthWebViewController.swift in Sources */ = {isa = PBXBuildFile; fileRef = 6BEFC960219897A8001E97B5 /* OAuthWebViewController.swift */; };
		6BEFC9632198F40F001E97B5 /* Dashboard.storyboard in Resources */ = {isa = PBXBuildFile; fileRef = 6BEFC9622198F40F001E97B5 /* Dashboard.storyboard */; };
		6BEFC9672198F46C001E97B5 /* DashboardTabBarController.swift in Sources */ = {isa = PBXBuildFile; fileRef = 6BEFC9662198F46C001E97B5 /* DashboardTabBarController.swift */; };
		FCC44EF8FFA5FE6012F920E0 /* Pods_Developer_SuiteTests.framework in Frameworks */ = {isa = PBXBuildFile; fileRef = C54BAF06DA7B986AD784FB4A /* Pods_Developer_SuiteTests.framework */; };
/* End PBXBuildFile section */

/* Begin PBXContainerItemProxy section */
		6B8086D0216AC5DA00D91CC6 /* PBXContainerItemProxy */ = {
			isa = PBXContainerItemProxy;
			containerPortal = 6B8086B3216AC5D900D91CC6 /* Project object */;
			proxyType = 1;
			remoteGlobalIDString = 6B8086BA216AC5D900D91CC6;
			remoteInfo = "Developer Suite";
		};
/* End PBXContainerItemProxy section */

/* Begin PBXFileReference section */
		176A5566679257D34892B12B /* Pods-Developer Suite.debug.xcconfig */ = {isa = PBXFileReference; includeInIndex = 1; lastKnownFileType = text.xcconfig; name = "Pods-Developer Suite.debug.xcconfig"; path = "Pods/Target Support Files/Pods-Developer Suite/Pods-Developer Suite.debug.xcconfig"; sourceTree = "<group>"; };
		2D1DCD2A727EADE07C283692 /* Pods_Developer_Suite.framework */ = {isa = PBXFileReference; explicitFileType = wrapper.framework; includeInIndex = 0; path = Pods_Developer_Suite.framework; sourceTree = BUILT_PRODUCTS_DIR; };
		6B08D2F321AAEE76001CFA8C /* DataManager.swift */ = {isa = PBXFileReference; lastKnownFileType = sourcecode.swift; path = DataManager.swift; sourceTree = "<group>"; };
		6B363CD62172C04300BF37C3 /* UserMO.swift */ = {isa = PBXFileReference; lastKnownFileType = sourcecode.swift; path = UserMO.swift; sourceTree = "<group>"; };
		6B79E92421727DF2009963B7 /* Assets.xcassets */ = {isa = PBXFileReference; lastKnownFileType = folder.assetcatalog; path = Assets.xcassets; sourceTree = "<group>"; };
		6B804AD7219722C200C61810 /* UserDefinedErrors.swift */ = {isa = PBXFileReference; lastKnownFileType = sourcecode.swift; path = UserDefinedErrors.swift; sourceTree = "<group>"; };
		6B804ADB2197B99E00C61810 /* Config.plist */ = {isa = PBXFileReference; lastKnownFileType = text.plist.xml; path = Config.plist; sourceTree = "<group>"; };
		6B804ADD2197C28F00C61810 /* LoginViewControllerExtension.swift */ = {isa = PBXFileReference; lastKnownFileType = sourcecode.swift; path = LoginViewControllerExtension.swift; sourceTree = "<group>"; };
		6B8086BB216AC5D900D91CC6 /* Developer Suite.app */ = {isa = PBXFileReference; explicitFileType = wrapper.application; includeInIndex = 0; path = "Developer Suite.app"; sourceTree = BUILT_PRODUCTS_DIR; };
		6B8086BE216AC5D900D91CC6 /* AppDelegate.swift */ = {isa = PBXFileReference; lastKnownFileType = sourcecode.swift; path = AppDelegate.swift; sourceTree = "<group>"; };
		6B8086C0216AC5D900D91CC6 /* LoginViewController.swift */ = {isa = PBXFileReference; lastKnownFileType = sourcecode.swift; path = LoginViewController.swift; sourceTree = "<group>"; };
		6B8086C3216AC5D900D91CC6 /* Base */ = {isa = PBXFileReference; lastKnownFileType = file.storyboard; name = Base; path = Base.lproj/Main.storyboard; sourceTree = "<group>"; };
		6B8086C8216AC5DA00D91CC6 /* Base */ = {isa = PBXFileReference; lastKnownFileType = file.storyboard; name = Base; path = Base.lproj/LaunchScreen.storyboard; sourceTree = "<group>"; };
		6B8086CF216AC5DA00D91CC6 /* Developer SuiteTests.xctest */ = {isa = PBXFileReference; explicitFileType = wrapper.cfbundle; includeInIndex = 0; path = "Developer SuiteTests.xctest"; sourceTree = BUILT_PRODUCTS_DIR; };
		6B8086D5216AC5DA00D91CC6 /* Info.plist */ = {isa = PBXFileReference; lastKnownFileType = text.plist.xml; path = Info.plist; sourceTree = "<group>"; };
		6BA7FB2A219344C90053F1C3 /* GoogleService-Info.plist */ = {isa = PBXFileReference; fileEncoding = 4; lastKnownFileType = text.plist.xml; name = "GoogleService-Info.plist"; path = "Developer Suite/GoogleService-Info.plist"; sourceTree = "<group>"; };
		6BBA938921A1C9ED00601399 /* ChatViewController.swift */ = {isa = PBXFileReference; lastKnownFileType = sourcecode.swift; path = ChatViewController.swift; sourceTree = "<group>"; };
		6BC5C87921AAE521003F57D3 /* DeveloperSuiteModel.xcdatamodel */ = {isa = PBXFileReference; lastKnownFileType = wrapper.xcdatamodel; path = DeveloperSuiteModel.xcdatamodel; sourceTree = "<group>"; };
		6BE182EF2194C4510069D840 /* Utils.swift */ = {isa = PBXFileReference; lastKnownFileType = sourcecode.swift; path = Utils.swift; sourceTree = "<group>"; };
		6BEFC960219897A8001E97B5 /* OAuthWebViewController.swift */ = {isa = PBXFileReference; lastKnownFileType = sourcecode.swift; path = OAuthWebViewController.swift; sourceTree = "<group>"; };
		6BEFC9622198F40F001E97B5 /* Dashboard.storyboard */ = {isa = PBXFileReference; lastKnownFileType = file.storyboard; path = Dashboard.storyboard; sourceTree = "<group>"; };
		6BEFC9662198F46C001E97B5 /* DashboardTabBarController.swift */ = {isa = PBXFileReference; lastKnownFileType = sourcecode.swift; path = DashboardTabBarController.swift; sourceTree = "<group>"; };
		7D3FA99BCD3FCF481F399748 /* Pods-Developer SuiteTests.debug.xcconfig */ = {isa = PBXFileReference; includeInIndex = 1; lastKnownFileType = text.xcconfig; name = "Pods-Developer SuiteTests.debug.xcconfig"; path = "Pods/Target Support Files/Pods-Developer SuiteTests/Pods-Developer SuiteTests.debug.xcconfig"; sourceTree = "<group>"; };
		8DFBB73E5443B000A95D1313 /* Pods-Developer Suite.release.xcconfig */ = {isa = PBXFileReference; includeInIndex = 1; lastKnownFileType = text.xcconfig; name = "Pods-Developer Suite.release.xcconfig"; path = "Pods/Target Support Files/Pods-Developer Suite/Pods-Developer Suite.release.xcconfig"; sourceTree = "<group>"; };
		C54BAF06DA7B986AD784FB4A /* Pods_Developer_SuiteTests.framework */ = {isa = PBXFileReference; explicitFileType = wrapper.framework; includeInIndex = 0; path = Pods_Developer_SuiteTests.framework; sourceTree = BUILT_PRODUCTS_DIR; };
		D5987859BDC8871285028B74 /* Pods-Developer SuiteTests.release.xcconfig */ = {isa = PBXFileReference; includeInIndex = 1; lastKnownFileType = text.xcconfig; name = "Pods-Developer SuiteTests.release.xcconfig"; path = "Pods/Target Support Files/Pods-Developer SuiteTests/Pods-Developer SuiteTests.release.xcconfig"; sourceTree = "<group>"; };
/* End PBXFileReference section */

/* Begin PBXFrameworksBuildPhase section */
		6B8086B8216AC5D900D91CC6 /* Frameworks */ = {
			isa = PBXFrameworksBuildPhase;
			buildActionMask = 2147483647;
			files = (
				32EE7F2304E331A7D20D459F /* Pods_Developer_Suite.framework in Frameworks */,
			);
			runOnlyForDeploymentPostprocessing = 0;
		};
		6B8086CC216AC5DA00D91CC6 /* Frameworks */ = {
			isa = PBXFrameworksBuildPhase;
			buildActionMask = 2147483647;
			files = (
				FCC44EF8FFA5FE6012F920E0 /* Pods_Developer_SuiteTests.framework in Frameworks */,
			);
			runOnlyForDeploymentPostprocessing = 0;
		};
/* End PBXFrameworksBuildPhase section */

/* Begin PBXGroup section */
		2676FAFCB17D014CA9FBD558 /* Pods */ = {
			isa = PBXGroup;
			children = (
				176A5566679257D34892B12B /* Pods-Developer Suite.debug.xcconfig */,
				8DFBB73E5443B000A95D1313 /* Pods-Developer Suite.release.xcconfig */,
				7D3FA99BCD3FCF481F399748 /* Pods-Developer SuiteTests.debug.xcconfig */,
				D5987859BDC8871285028B74 /* Pods-Developer SuiteTests.release.xcconfig */,
			);
			name = Pods;
			sourceTree = "<group>";
		};
		6B363CD1217287F300BF37C3 /* Storyboards */ = {
			isa = PBXGroup;
			children = (
				6B8086C2216AC5D900D91CC6 /* Main.storyboard */,
				6B8086C7216AC5DA00D91CC6 /* LaunchScreen.storyboard */,
				6BEFC9622198F40F001E97B5 /* Dashboard.storyboard */,
			);
			path = Storyboards;
			sourceTree = "<group>";
		};
		6B363CD22172BE5500BF37C3 /* Model */ = {
			isa = PBXGroup;
			children = (
				6B363CD62172C04300BF37C3 /* UserMO.swift */,
			);
			path = Model;
			sourceTree = "<group>";
		};
		6B76E5AA216E8DFB007AD308 /* Views */ = {
			isa = PBXGroup;
			children = (
				6BEFC9652198F457001E97B5 /* DashboardModule */,
				6BEFC9642198F43E001E97B5 /* LoginModule */,
			);
			path = Views;
			sourceTree = "<group>";
		};
		6B76E5DD216E9284007AD308 /* Resources */ = {
			isa = PBXGroup;
			children = (
			);
			path = Resources;
			sourceTree = "<group>";
		};
		6B8086B2216AC5D900D91CC6 = {
			isa = PBXGroup;
			children = (
				6B804ADB2197B99E00C61810 /* Config.plist */,
				6BA7FB2A219344C90053F1C3 /* GoogleService-Info.plist */,
				6B8086BD216AC5D900D91CC6 /* Developer Suite */,
				6B8086D2216AC5DA00D91CC6 /* Developer SuiteTests */,
				6B8086BC216AC5D900D91CC6 /* Products */,
				2676FAFCB17D014CA9FBD558 /* Pods */,
				832A31B05BF0D75D614FC7F7 /* Frameworks */,
			);
			sourceTree = "<group>";
		};
		6B8086BC216AC5D900D91CC6 /* Products */ = {
			isa = PBXGroup;
			children = (
				6B8086BB216AC5D900D91CC6 /* Developer Suite.app */,
				6B8086CF216AC5DA00D91CC6 /* Developer SuiteTests.xctest */,
			);
			name = Products;
			sourceTree = "<group>";
		};
		6B8086BD216AC5D900D91CC6 /* Developer Suite */ = {
			isa = PBXGroup;
			children = (
				6BE182EE2194C4430069D840 /* Utils */,
				6B363CD22172BE5500BF37C3 /* Model */,
				6B363CD1217287F300BF37C3 /* Storyboards */,
				6B76E5DD216E9284007AD308 /* Resources */,
				6B76E5AA216E8DFB007AD308 /* Views */,
				6B8086BE216AC5D900D91CC6 /* AppDelegate.swift */,
				6B79E92421727DF2009963B7 /* Assets.xcassets */,
				6BC5C87821AAE521003F57D3 /* DeveloperSuiteModel.xcdatamodeld */,
			);
			path = "Developer Suite";
			sourceTree = "<group>";
		};
		6B8086D2216AC5DA00D91CC6 /* Developer SuiteTests */ = {
			isa = PBXGroup;
			children = (
				6B8086D5216AC5DA00D91CC6 /* Info.plist */,
			);
			path = "Developer SuiteTests";
			sourceTree = "<group>";
		};
		6BE182EE2194C4430069D840 /* Utils */ = {
			isa = PBXGroup;
			children = (
				6BE182EF2194C4510069D840 /* Utils.swift */,
				6B804AD7219722C200C61810 /* UserDefinedErrors.swift */,
				6B08D2F321AAEE76001CFA8C /* DataManager.swift */,
			);
			path = Utils;
			sourceTree = "<group>";
		};
		6BEFC9642198F43E001E97B5 /* LoginModule */ = {
			isa = PBXGroup;
			children = (
				6B8086C0216AC5D900D91CC6 /* LoginViewController.swift */,
				6B804ADD2197C28F00C61810 /* LoginViewControllerExtension.swift */,
				6BEFC960219897A8001E97B5 /* OAuthWebViewController.swift */,
			);
			path = LoginModule;
			sourceTree = "<group>";
		};
		6BEFC9652198F457001E97B5 /* DashboardModule */ = {
			isa = PBXGroup;
			children = (
				6BEFC9662198F46C001E97B5 /* DashboardTabBarController.swift */,
				6BBA938921A1C9ED00601399 /* ChatViewController.swift */,
			);
			path = DashboardModule;
			sourceTree = "<group>";
		};
		832A31B05BF0D75D614FC7F7 /* Frameworks */ = {
			isa = PBXGroup;
			children = (
				2D1DCD2A727EADE07C283692 /* Pods_Developer_Suite.framework */,
				C54BAF06DA7B986AD784FB4A /* Pods_Developer_SuiteTests.framework */,
			);
			name = Frameworks;
			sourceTree = "<group>";
		};
/* End PBXGroup section */

/* Begin PBXNativeTarget section */
		6B8086BA216AC5D900D91CC6 /* Developer Suite */ = {
			isa = PBXNativeTarget;
			buildConfigurationList = 6B8086D8216AC5DA00D91CC6 /* Build configuration list for PBXNativeTarget "Developer Suite" */;
			buildPhases = (
				27022C431B3FF1A990DBA03B /* [CP] Check Pods Manifest.lock */,
				6B8086B7216AC5D900D91CC6 /* Sources */,
				6B8086B8216AC5D900D91CC6 /* Frameworks */,
				6B8086B9216AC5D900D91CC6 /* Resources */,
				83EDF14BF664A96DCDE30BC7 /* [CP] Embed Pods Frameworks */,
			);
			buildRules = (
			);
			dependencies = (
			);
			name = "Developer Suite";
			productName = "Developer Suite";
			productReference = 6B8086BB216AC5D900D91CC6 /* Developer Suite.app */;
			productType = "com.apple.product-type.application";
		};
		6B8086CE216AC5DA00D91CC6 /* Developer SuiteTests */ = {
			isa = PBXNativeTarget;
			buildConfigurationList = 6B8086DB216AC5DA00D91CC6 /* Build configuration list for PBXNativeTarget "Developer SuiteTests" */;
			buildPhases = (
				361923A7C2E95ED0C18172F6 /* [CP] Check Pods Manifest.lock */,
				6B8086CB216AC5DA00D91CC6 /* Sources */,
				6B8086CC216AC5DA00D91CC6 /* Frameworks */,
				6B8086CD216AC5DA00D91CC6 /* Resources */,
			);
			buildRules = (
			);
			dependencies = (
				6B8086D1216AC5DA00D91CC6 /* PBXTargetDependency */,
			);
			name = "Developer SuiteTests";
			productName = "Developer SuiteTests";
			productReference = 6B8086CF216AC5DA00D91CC6 /* Developer SuiteTests.xctest */;
			productType = "com.apple.product-type.bundle.unit-test";
		};
/* End PBXNativeTarget section */

/* Begin PBXProject section */
		6B8086B3216AC5D900D91CC6 /* Project object */ = {
			isa = PBXProject;
			attributes = {
				LastSwiftUpdateCheck = 1000;
				LastUpgradeCheck = 1000;
				ORGANIZATIONNAME = "RAGHAVAN RENGANATHAN";
				TargetAttributes = {
					6B8086BA216AC5D900D91CC6 = {
						CreatedOnToolsVersion = 10.0;
					};
					6B8086CE216AC5DA00D91CC6 = {
						CreatedOnToolsVersion = 10.0;
						TestTargetID = 6B8086BA216AC5D900D91CC6;
					};
				};
			};
			buildConfigurationList = 6B8086B6216AC5D900D91CC6 /* Build configuration list for PBXProject "Developer Suite" */;
			compatibilityVersion = "Xcode 9.3";
			developmentRegion = en;
			hasScannedForEncodings = 0;
			knownRegions = (
				en,
				Base,
			);
			mainGroup = 6B8086B2216AC5D900D91CC6;
			productRefGroup = 6B8086BC216AC5D900D91CC6 /* Products */;
			projectDirPath = "";
			projectRoot = "";
			targets = (
				6B8086BA216AC5D900D91CC6 /* Developer Suite */,
				6B8086CE216AC5DA00D91CC6 /* Developer SuiteTests */,
			);
		};
/* End PBXProject section */

/* Begin PBXResourcesBuildPhase section */
		6B8086B9216AC5D900D91CC6 /* Resources */ = {
			isa = PBXResourcesBuildPhase;
			buildActionMask = 2147483647;
			files = (
				6B8086C9216AC5DA00D91CC6 /* LaunchScreen.storyboard in Resources */,
				6BEFC9632198F40F001E97B5 /* Dashboard.storyboard in Resources */,
				6BA7FB2B219344C90053F1C3 /* GoogleService-Info.plist in Resources */,
				6B79E92521727DF2009963B7 /* Assets.xcassets in Resources */,
				6B804ADC2197B99E00C61810 /* Config.plist in Resources */,
				6B8086C4216AC5D900D91CC6 /* Main.storyboard in Resources */,
			);
			runOnlyForDeploymentPostprocessing = 0;
		};
		6B8086CD216AC5DA00D91CC6 /* Resources */ = {
			isa = PBXResourcesBuildPhase;
			buildActionMask = 2147483647;
			files = (
			);
			runOnlyForDeploymentPostprocessing = 0;
		};
/* End PBXResourcesBuildPhase section */

/* Begin PBXShellScriptBuildPhase section */
		27022C431B3FF1A990DBA03B /* [CP] Check Pods Manifest.lock */ = {
			isa = PBXShellScriptBuildPhase;
			buildActionMask = 2147483647;
			files = (
			);
			inputFileListPaths = (
			);
			inputPaths = (
				"${PODS_PODFILE_DIR_PATH}/Podfile.lock",
				"${PODS_ROOT}/Manifest.lock",
			);
			name = "[CP] Check Pods Manifest.lock";
			outputFileListPaths = (
			);
			outputPaths = (
				"$(DERIVED_FILE_DIR)/Pods-Developer Suite-checkManifestLockResult.txt",
			);
			runOnlyForDeploymentPostprocessing = 0;
			shellPath = /bin/sh;
			shellScript = "diff \"${PODS_PODFILE_DIR_PATH}/Podfile.lock\" \"${PODS_ROOT}/Manifest.lock\" > /dev/null\nif [ $? != 0 ] ; then\n    # print error to STDERR\n    echo \"error: The sandbox is not in sync with the Podfile.lock. Run 'pod install' or update your CocoaPods installation.\" >&2\n    exit 1\nfi\n# This output is used by Xcode 'outputs' to avoid re-running this script phase.\necho \"SUCCESS\" > \"${SCRIPT_OUTPUT_FILE_0}\"\n";
			showEnvVarsInLog = 0;
		};
		361923A7C2E95ED0C18172F6 /* [CP] Check Pods Manifest.lock */ = {
			isa = PBXShellScriptBuildPhase;
			buildActionMask = 2147483647;
			files = (
			);
			inputFileListPaths = (
			);
			inputPaths = (
				"${PODS_PODFILE_DIR_PATH}/Podfile.lock",
				"${PODS_ROOT}/Manifest.lock",
			);
			name = "[CP] Check Pods Manifest.lock";
			outputFileListPaths = (
			);
			outputPaths = (
				"$(DERIVED_FILE_DIR)/Pods-Developer SuiteTests-checkManifestLockResult.txt",
			);
			runOnlyForDeploymentPostprocessing = 0;
			shellPath = /bin/sh;
			shellScript = "diff \"${PODS_PODFILE_DIR_PATH}/Podfile.lock\" \"${PODS_ROOT}/Manifest.lock\" > /dev/null\nif [ $? != 0 ] ; then\n    # print error to STDERR\n    echo \"error: The sandbox is not in sync with the Podfile.lock. Run 'pod install' or update your CocoaPods installation.\" >&2\n    exit 1\nfi\n# This output is used by Xcode 'outputs' to avoid re-running this script phase.\necho \"SUCCESS\" > \"${SCRIPT_OUTPUT_FILE_0}\"\n";
			showEnvVarsInLog = 0;
		};
		83EDF14BF664A96DCDE30BC7 /* [CP] Embed Pods Frameworks */ = {
			isa = PBXShellScriptBuildPhase;
			buildActionMask = 2147483647;
			files = (
			);
			inputFileListPaths = (
			);
			inputPaths = (
				"${SRCROOT}/Pods/Target Support Files/Pods-Developer Suite/Pods-Developer Suite-frameworks.sh",
				"${BUILT_PRODUCTS_DIR}/GTMSessionFetcher/GTMSessionFetcher.framework",
				"${BUILT_PRODUCTS_DIR}/GoogleUtilities/GoogleUtilities.framework",
				"${BUILT_PRODUCTS_DIR}/MessageInputBar/MessageInputBar.framework",
				"${BUILT_PRODUCTS_DIR}/MessageKit/MessageKit.framework",
				"${BUILT_PRODUCTS_DIR}/nanopb/nanopb.framework",
			);
			name = "[CP] Embed Pods Frameworks";
			outputFileListPaths = (
			);
			outputPaths = (
				"${TARGET_BUILD_DIR}/${FRAMEWORKS_FOLDER_PATH}/GTMSessionFetcher.framework",
				"${TARGET_BUILD_DIR}/${FRAMEWORKS_FOLDER_PATH}/GoogleUtilities.framework",
				"${TARGET_BUILD_DIR}/${FRAMEWORKS_FOLDER_PATH}/MessageInputBar.framework",
				"${TARGET_BUILD_DIR}/${FRAMEWORKS_FOLDER_PATH}/MessageKit.framework",
				"${TARGET_BUILD_DIR}/${FRAMEWORKS_FOLDER_PATH}/nanopb.framework",
			);
			runOnlyForDeploymentPostprocessing = 0;
			shellPath = /bin/sh;
			shellScript = "\"${SRCROOT}/Pods/Target Support Files/Pods-Developer Suite/Pods-Developer Suite-frameworks.sh\"\n";
			showEnvVarsInLog = 0;
		};
/* End PBXShellScriptBuildPhase section */

/* Begin PBXSourcesBuildPhase section */
		6B8086B7216AC5D900D91CC6 /* Sources */ = {
			isa = PBXSourcesBuildPhase;
			buildActionMask = 2147483647;
			files = (
				6B804ADE2197C28F00C61810 /* LoginViewControllerExtension.swift in Sources */,
				6B8086C1216AC5D900D91CC6 /* LoginViewController.swift in Sources */,
				6BC5C87A21AAE521003F57D3 /* DeveloperSuiteModel.xcdatamodeld in Sources */,
				6B363CD72172C04300BF37C3 /* UserMO.swift in Sources */,
				6B8086BF216AC5D900D91CC6 /* AppDelegate.swift in Sources */,
				6B804AD8219722C200C61810 /* UserDefinedErrors.swift in Sources */,
				6BE182F02194C4510069D840 /* Utils.swift in Sources */,
				6BEFC961219897A8001E97B5 /* OAuthWebViewController.swift in Sources */,
				6B08D2F421AAEE76001CFA8C /* DataManager.swift in Sources */,
				6BBA938A21A1C9ED00601399 /* ChatViewController.swift in Sources */,
				6BEFC9672198F46C001E97B5 /* DashboardTabBarController.swift in Sources */,
			);
			runOnlyForDeploymentPostprocessing = 0;
		};
		6B8086CB216AC5DA00D91CC6 /* Sources */ = {
			isa = PBXSourcesBuildPhase;
			buildActionMask = 2147483647;
			files = (
			);
			runOnlyForDeploymentPostprocessing = 0;
		};
/* End PBXSourcesBuildPhase section */

/* Begin PBXTargetDependency section */
		6B8086D1216AC5DA00D91CC6 /* PBXTargetDependency */ = {
			isa = PBXTargetDependency;
			target = 6B8086BA216AC5D900D91CC6 /* Developer Suite */;
			targetProxy = 6B8086D0216AC5DA00D91CC6 /* PBXContainerItemProxy */;
		};
/* End PBXTargetDependency section */

/* Begin PBXVariantGroup section */
		6B8086C2216AC5D900D91CC6 /* Main.storyboard */ = {
			isa = PBXVariantGroup;
			children = (
				6B8086C3216AC5D900D91CC6 /* Base */,
			);
			name = Main.storyboard;
			sourceTree = "<group>";
		};
		6B8086C7216AC5DA00D91CC6 /* LaunchScreen.storyboard */ = {
			isa = PBXVariantGroup;
			children = (
				6B8086C8216AC5DA00D91CC6 /* Base */,
			);
			name = LaunchScreen.storyboard;
			sourceTree = "<group>";
		};
/* End PBXVariantGroup section */

/* Begin XCBuildConfiguration section */
		6B8086D6216AC5DA00D91CC6 /* Debug */ = {
			isa = XCBuildConfiguration;
			buildSettings = {
				ALWAYS_SEARCH_USER_PATHS = NO;
				CLANG_ANALYZER_NONNULL = YES;
				CLANG_ANALYZER_NUMBER_OBJECT_CONVERSION = YES_AGGRESSIVE;
				CLANG_CXX_LANGUAGE_STANDARD = "gnu++14";
				CLANG_CXX_LIBRARY = "libc++";
				CLANG_ENABLE_MODULES = YES;
				CLANG_ENABLE_OBJC_ARC = YES;
				CLANG_ENABLE_OBJC_WEAK = YES;
				CLANG_WARN_BLOCK_CAPTURE_AUTORELEASING = YES;
				CLANG_WARN_BOOL_CONVERSION = YES;
				CLANG_WARN_COMMA = YES;
				CLANG_WARN_CONSTANT_CONVERSION = YES;
				CLANG_WARN_DEPRECATED_OBJC_IMPLEMENTATIONS = YES;
				CLANG_WARN_DIRECT_OBJC_ISA_USAGE = YES_ERROR;
				CLANG_WARN_DOCUMENTATION_COMMENTS = YES;
				CLANG_WARN_EMPTY_BODY = YES;
				CLANG_WARN_ENUM_CONVERSION = YES;
				CLANG_WARN_INFINITE_RECURSION = YES;
				CLANG_WARN_INT_CONVERSION = YES;
				CLANG_WARN_NON_LITERAL_NULL_CONVERSION = YES;
				CLANG_WARN_OBJC_IMPLICIT_RETAIN_SELF = YES;
				CLANG_WARN_OBJC_LITERAL_CONVERSION = YES;
				CLANG_WARN_OBJC_ROOT_CLASS = YES_ERROR;
				CLANG_WARN_RANGE_LOOP_ANALYSIS = YES;
				CLANG_WARN_STRICT_PROTOTYPES = YES;
				CLANG_WARN_SUSPICIOUS_MOVE = YES;
				CLANG_WARN_UNGUARDED_AVAILABILITY = YES_AGGRESSIVE;
				CLANG_WARN_UNREACHABLE_CODE = YES;
				CLANG_WARN__DUPLICATE_METHOD_MATCH = YES;
				CODE_SIGN_IDENTITY = "iPhone Developer";
				COPY_PHASE_STRIP = NO;
				DEBUG_INFORMATION_FORMAT = dwarf;
				ENABLE_STRICT_OBJC_MSGSEND = YES;
				ENABLE_TESTABILITY = YES;
				GCC_C_LANGUAGE_STANDARD = gnu11;
				GCC_DYNAMIC_NO_PIC = NO;
				GCC_NO_COMMON_BLOCKS = YES;
				GCC_OPTIMIZATION_LEVEL = 0;
				GCC_PREPROCESSOR_DEFINITIONS = (
					"DEBUG=1",
					"$(inherited)",
				);
				GCC_WARN_64_TO_32_BIT_CONVERSION = YES;
				GCC_WARN_ABOUT_RETURN_TYPE = YES_ERROR;
				GCC_WARN_UNDECLARED_SELECTOR = YES;
				GCC_WARN_UNINITIALIZED_AUTOS = YES_AGGRESSIVE;
				GCC_WARN_UNUSED_FUNCTION = YES;
				GCC_WARN_UNUSED_VARIABLE = YES;
				IPHONEOS_DEPLOYMENT_TARGET = 12.0;
				MTL_ENABLE_DEBUG_INFO = INCLUDE_SOURCE;
				MTL_FAST_MATH = YES;
				ONLY_ACTIVE_ARCH = YES;
				SDKROOT = iphoneos;
				SWIFT_ACTIVE_COMPILATION_CONDITIONS = DEBUG;
				SWIFT_OPTIMIZATION_LEVEL = "-Onone";
			};
			name = Debug;
		};
		6B8086D7216AC5DA00D91CC6 /* Release */ = {
			isa = XCBuildConfiguration;
			buildSettings = {
				ALWAYS_SEARCH_USER_PATHS = NO;
				CLANG_ANALYZER_NONNULL = YES;
				CLANG_ANALYZER_NUMBER_OBJECT_CONVERSION = YES_AGGRESSIVE;
				CLANG_CXX_LANGUAGE_STANDARD = "gnu++14";
				CLANG_CXX_LIBRARY = "libc++";
				CLANG_ENABLE_MODULES = YES;
				CLANG_ENABLE_OBJC_ARC = YES;
				CLANG_ENABLE_OBJC_WEAK = YES;
				CLANG_WARN_BLOCK_CAPTURE_AUTORELEASING = YES;
				CLANG_WARN_BOOL_CONVERSION = YES;
				CLANG_WARN_COMMA = YES;
				CLANG_WARN_CONSTANT_CONVERSION = YES;
				CLANG_WARN_DEPRECATED_OBJC_IMPLEMENTATIONS = YES;
				CLANG_WARN_DIRECT_OBJC_ISA_USAGE = YES_ERROR;
				CLANG_WARN_DOCUMENTATION_COMMENTS = YES;
				CLANG_WARN_EMPTY_BODY = YES;
				CLANG_WARN_ENUM_CONVERSION = YES;
				CLANG_WARN_INFINITE_RECURSION = YES;
				CLANG_WARN_INT_CONVERSION = YES;
				CLANG_WARN_NON_LITERAL_NULL_CONVERSION = YES;
				CLANG_WARN_OBJC_IMPLICIT_RETAIN_SELF = YES;
				CLANG_WARN_OBJC_LITERAL_CONVERSION = YES;
				CLANG_WARN_OBJC_ROOT_CLASS = YES_ERROR;
				CLANG_WARN_RANGE_LOOP_ANALYSIS = YES;
				CLANG_WARN_STRICT_PROTOTYPES = YES;
				CLANG_WARN_SUSPICIOUS_MOVE = YES;
				CLANG_WARN_UNGUARDED_AVAILABILITY = YES_AGGRESSIVE;
				CLANG_WARN_UNREACHABLE_CODE = YES;
				CLANG_WARN__DUPLICATE_METHOD_MATCH = YES;
				CODE_SIGN_IDENTITY = "iPhone Developer";
				COPY_PHASE_STRIP = NO;
				DEBUG_INFORMATION_FORMAT = "dwarf-with-dsym";
				ENABLE_NS_ASSERTIONS = NO;
				ENABLE_STRICT_OBJC_MSGSEND = YES;
				GCC_C_LANGUAGE_STANDARD = gnu11;
				GCC_NO_COMMON_BLOCKS = YES;
				GCC_WARN_64_TO_32_BIT_CONVERSION = YES;
				GCC_WARN_ABOUT_RETURN_TYPE = YES_ERROR;
				GCC_WARN_UNDECLARED_SELECTOR = YES;
				GCC_WARN_UNINITIALIZED_AUTOS = YES_AGGRESSIVE;
				GCC_WARN_UNUSED_FUNCTION = YES;
				GCC_WARN_UNUSED_VARIABLE = YES;
				IPHONEOS_DEPLOYMENT_TARGET = 12.0;
				MTL_ENABLE_DEBUG_INFO = NO;
				MTL_FAST_MATH = YES;
				SDKROOT = iphoneos;
				SWIFT_COMPILATION_MODE = wholemodule;
				SWIFT_OPTIMIZATION_LEVEL = "-O";
				VALIDATE_PRODUCT = YES;
			};
			name = Release;
		};
		6B8086D9216AC5DA00D91CC6 /* Debug */ = {
			isa = XCBuildConfiguration;
			baseConfigurationReference = 176A5566679257D34892B12B /* Pods-Developer Suite.debug.xcconfig */;
			buildSettings = {
				ASSETCATALOG_COMPILER_APPICON_NAME = AppIcon;
				CODE_SIGN_STYLE = Automatic;
				DEVELOPMENT_TEAM = DVH856A9G6;
				INFOPLIST_FILE = "Developer Suite/Info.plist";
				IPHONEOS_DEPLOYMENT_TARGET = 12.0;
				LD_RUNPATH_SEARCH_PATHS = (
					"$(inherited)",
					"@executable_path/Frameworks",
				);
				PRODUCT_BUNDLE_IDENTIFIER = "com.raghavanrenganathan.developer-suite";
				PRODUCT_NAME = "$(TARGET_NAME)";
				SWIFT_VERSION = 4.2;
				TARGETED_DEVICE_FAMILY = 1;
			};
			name = Debug;
		};
		6B8086DA216AC5DA00D91CC6 /* Release */ = {
			isa = XCBuildConfiguration;
			baseConfigurationReference = 8DFBB73E5443B000A95D1313 /* Pods-Developer Suite.release.xcconfig */;
			buildSettings = {
				ASSETCATALOG_COMPILER_APPICON_NAME = AppIcon;
				CODE_SIGN_STYLE = Automatic;
				DEVELOPMENT_TEAM = DVH856A9G6;
				INFOPLIST_FILE = "Developer Suite/Info.plist";
				IPHONEOS_DEPLOYMENT_TARGET = 12.0;
				LD_RUNPATH_SEARCH_PATHS = (
					"$(inherited)",
					"@executable_path/Frameworks",
				);
				PRODUCT_BUNDLE_IDENTIFIER = "com.raghavanrenganathan.developer-suite";
				PRODUCT_NAME = "$(TARGET_NAME)";
				SWIFT_VERSION = 4.2;
				TARGETED_DEVICE_FAMILY = 1;
			};
			name = Release;
		};
		6B8086DC216AC5DA00D91CC6 /* Debug */ = {
			isa = XCBuildConfiguration;
			baseConfigurationReference = 7D3FA99BCD3FCF481F399748 /* Pods-Developer SuiteTests.debug.xcconfig */;
			buildSettings = {
				ALWAYS_EMBED_SWIFT_STANDARD_LIBRARIES = YES;
				BUNDLE_LOADER = "$(TEST_HOST)";
				CODE_SIGN_STYLE = Automatic;
				DEVELOPMENT_TEAM = DVH856A9G6;
				INFOPLIST_FILE = "Developer SuiteTests/Info.plist";
				LD_RUNPATH_SEARCH_PATHS = (
					"$(inherited)",
					"@executable_path/Frameworks",
					"@loader_path/Frameworks",
				);
				PRODUCT_BUNDLE_IDENTIFIER = "com.raghavanrenganathan.Developer-SuiteTests";
				PRODUCT_NAME = "$(TARGET_NAME)";
				SWIFT_VERSION = 4.2;
				TARGETED_DEVICE_FAMILY = "1,2";
				TEST_HOST = "$(BUILT_PRODUCTS_DIR)/Developer Suite.app/Developer Suite";
			};
			name = Debug;
		};
		6B8086DD216AC5DA00D91CC6 /* Release */ = {
			isa = XCBuildConfiguration;
			baseConfigurationReference = D5987859BDC8871285028B74 /* Pods-Developer SuiteTests.release.xcconfig */;
			buildSettings = {
				ALWAYS_EMBED_SWIFT_STANDARD_LIBRARIES = YES;
				BUNDLE_LOADER = "$(TEST_HOST)";
				CODE_SIGN_STYLE = Automatic;
				DEVELOPMENT_TEAM = DVH856A9G6;
				INFOPLIST_FILE = "Developer SuiteTests/Info.plist";
				LD_RUNPATH_SEARCH_PATHS = (
					"$(inherited)",
					"@executable_path/Frameworks",
					"@loader_path/Frameworks",
				);
				PRODUCT_BUNDLE_IDENTIFIER = "com.raghavanrenganathan.Developer-SuiteTests";
				PRODUCT_NAME = "$(TARGET_NAME)";
				SWIFT_VERSION = 4.2;
				TARGETED_DEVICE_FAMILY = "1,2";
				TEST_HOST = "$(BUILT_PRODUCTS_DIR)/Developer Suite.app/Developer Suite";
			};
			name = Release;
		};
/* End XCBuildConfiguration section */

/* Begin XCConfigurationList section */
		6B8086B6216AC5D900D91CC6 /* Build configuration list for PBXProject "Developer Suite" */ = {
			isa = XCConfigurationList;
			buildConfigurations = (
				6B8086D6216AC5DA00D91CC6 /* Debug */,
				6B8086D7216AC5DA00D91CC6 /* Release */,
			);
			defaultConfigurationIsVisible = 0;
			defaultConfigurationName = Release;
		};
		6B8086D8216AC5DA00D91CC6 /* Build configuration list for PBXNativeTarget "Developer Suite" */ = {
			isa = XCConfigurationList;
			buildConfigurations = (
				6B8086D9216AC5DA00D91CC6 /* Debug */,
				6B8086DA216AC5DA00D91CC6 /* Release */,
			);
			defaultConfigurationIsVisible = 0;
			defaultConfigurationName = Release;
		};
		6B8086DB216AC5DA00D91CC6 /* Build configuration list for PBXNativeTarget "Developer SuiteTests" */ = {
			isa = XCConfigurationList;
			buildConfigurations = (
				6B8086DC216AC5DA00D91CC6 /* Debug */,
				6B8086DD216AC5DA00D91CC6 /* Release */,
			);
			defaultConfigurationIsVisible = 0;
			defaultConfigurationName = Release;
		};
/* End XCConfigurationList section */

/* Begin XCVersionGroup section */
		6BC5C87821AAE521003F57D3 /* DeveloperSuiteModel.xcdatamodeld */ = {
			isa = XCVersionGroup;
			children = (
				6BC5C87921AAE521003F57D3 /* DeveloperSuiteModel.xcdatamodel */,
			);
			currentVersion = 6BC5C87921AAE521003F57D3 /* DeveloperSuiteModel.xcdatamodel */;
			path = DeveloperSuiteModel.xcdatamodeld;
			sourceTree = "<group>";
			versionGroupType = wrapper.xcdatamodel;
		};
/* End XCVersionGroup section */
	};
	rootObject = 6B8086B3216AC5D900D91CC6 /* Project object */;
}
